
Microsoft Visual Studio Solution File, Format Version 12.00
# Visual Studio 15
VisualStudioVersion = 15.0.27703.2035
MinimumVisualStudioVersion = 10.0.40219.1
Project("{FAE04EC0-301F-11D3-BF4B-00C04F79EFBC}") = "IntermediateConsoleI", "IntermediateConsoleI\IntermediateConsoleI.csproj", "{C77BAE45-7E87-404D-A9E0-95528CE866DB}"
EndProject
Global
	GlobalSection(SolutionConfigurationPlatforms) = preSolution
		Debug|Any CPU = Debug|Any CPU
		Release|Any CPU = Release|Any CPU
	EndGlobalSection
	GlobalSection(ProjectConfigurationPlatforms) = postSolution
		{C77BAE45-7E87-404D-A9E0-95528CE866DB}.Debug|Any CPU.ActiveCfg = Debug|Any CPU
		{C77BAE45-7E87-404D-A9E0-95528CE866DB}.Debug|Any CPU.Build.0 = Debug|Any CPU
		{C77BAE45-7E87-404D-A9E0-95528CE866DB}.Release|Any CPU.ActiveCfg = Release|Any CPU
		{C77BAE45-7E87-404D-A9E0-95528CE866DB}.Release|Any CPU.Build.0 = Release|Any CPU
	EndGlobalSection
	GlobalSection(SolutionProperties) = preSolution
		HideSolutionNode = FALSE
	EndGlobalSection
	GlobalSection(ExtensibilityGlobals) = postSolution
		SolutionGuid = {64623250-0CBE-4DFE-83A6-035512923ECE}
	EndGlobalSection
EndGlobal
